// !$*UTF8*$!
{
	archiveVersion = 1;
	classes = {
	};
	objectVersion = 46;
	objects = {

/* Begin PBXBuildFile section */
		AC4A7F731CD0849A009A13C0 /* LoginViewController.swift in Sources */ = {isa = PBXBuildFile; fileRef = AC4A7F721CD0849A009A13C0 /* LoginViewController.swift */; };
		AC4A7F891CD14008009A13C0 /* FBSDKLoginKit.framework in Frameworks */ = {isa = PBXBuildFile; fileRef = AC4A7F831CD13949009A13C0 /* FBSDKLoginKit.framework */; };
		AC4A7F8A1CD14008009A13C0 /* FBSDKCoreKit.framework in Frameworks */ = {isa = PBXBuildFile; fileRef = AC4A7F841CD13949009A13C0 /* FBSDKCoreKit.framework */; };
		AC4A7F8C1CD142DC009A13C0 /* GoogleSignIn.bundle in Resources */ = {isa = PBXBuildFile; fileRef = AC4A7F8B1CD142DC009A13C0 /* GoogleSignIn.bundle */; };
		AC4A7F901CD14534009A13C0 /* GoogleService-Info.plist in Resources */ = {isa = PBXBuildFile; fileRef = AC4A7F8F1CD14534009A13C0 /* GoogleService-Info.plist */; };
		AC89B3C61CC59CD900965227 /* AppDelegate.swift in Sources */ = {isa = PBXBuildFile; fileRef = AC89B3C51CC59CD900965227 /* AppDelegate.swift */; };
		AC89B3CB1CC59CD900965227 /* Main.storyboard in Resources */ = {isa = PBXBuildFile; fileRef = AC89B3C91CC59CD900965227 /* Main.storyboard */; };
		AC89B3CD1CC59CD900965227 /* Assets.xcassets in Resources */ = {isa = PBXBuildFile; fileRef = AC89B3CC1CC59CD900965227 /* Assets.xcassets */; };
		AC89B3D01CC59CD900965227 /* LaunchScreen.storyboard in Resources */ = {isa = PBXBuildFile; fileRef = AC89B3CE1CC59CD900965227 /* LaunchScreen.storyboard */; };
		ACA0FA031CD027AA00DE066E /* Bolts.framework in Frameworks */ = {isa = PBXBuildFile; fileRef = ACA0FA011CD027AA00DE066E /* Bolts.framework */; };
		ACA0FA041CD027AA00DE066E /* Parse.framework in Frameworks */ = {isa = PBXBuildFile; fileRef = ACA0FA021CD027AA00DE066E /* Parse.framework */; };
		ACA0FA061CD027B500DE066E /* Bolts.framework in Embed Frameworks */ = {isa = PBXBuildFile; fileRef = ACA0FA011CD027AA00DE066E /* Bolts.framework */; settings = {ATTRIBUTES = (CodeSignOnCopy, RemoveHeadersOnCopy, ); }; };
		ACA0FA081CD027B900DE066E /* Parse.framework in Embed Frameworks */ = {isa = PBXBuildFile; fileRef = ACA0FA021CD027AA00DE066E /* Parse.framework */; settings = {ATTRIBUTES = (CodeSignOnCopy, RemoveHeadersOnCopy, ); }; };
		ACA4FA911CD172B80066396E /* GoogleSignIn.framework in Frameworks */ = {isa = PBXBuildFile; fileRef = AC4A7F8D1CD1437A009A13C0 /* GoogleSignIn.framework */; };
		ACA4FA951CD174FE0066396E /* AddressBook.framework in Frameworks */ = {isa = PBXBuildFile; fileRef = ACA4FA941CD174FE0066396E /* AddressBook.framework */; };
		ACA4FA971CD175050066396E /* SafariServices.framework in Frameworks */ = {isa = PBXBuildFile; fileRef = ACA4FA961CD175050066396E /* SafariServices.framework */; };
		ACA4FA991CD1750B0066396E /* SystemConfiguration.framework in Frameworks */ = {isa = PBXBuildFile; fileRef = ACA4FA981CD1750B0066396E /* SystemConfiguration.framework */; };
		ACA4FA9B1CD17A400066396E /* libz.tbd in Frameworks */ = {isa = PBXBuildFile; fileRef = ACA4FA9A1CD17A400066396E /* libz.tbd */; };
		ACA4FA9D1CD18EB00066396E /* ParseUI.framework in Frameworks */ = {isa = PBXBuildFile; fileRef = ACA4FA9C1CD18EB00066396E /* ParseUI.framework */; };
		ACF1210D1CCFE889000ED06F /* Eureka.framework in Frameworks */ = {isa = PBXBuildFile; fileRef = ACF1210A1CCFE647000ED06F /* Eureka.framework */; };
		ACF1210E1CCFE889000ED06F /* Eureka.framework in Embed Frameworks */ = {isa = PBXBuildFile; fileRef = ACF1210A1CCFE647000ED06F /* Eureka.framework */; settings = {ATTRIBUTES = (CodeSignOnCopy, RemoveHeadersOnCopy, ); }; };
		ACF121111CCFE8ED000ED06F /* PostFormViewController.swift in Sources */ = {isa = PBXBuildFile; fileRef = ACF121101CCFE8ED000ED06F /* PostFormViewController.swift */; };
		ACF121141CCFF469000ED06F /* CurrencyFormatter.swift in Sources */ = {isa = PBXBuildFile; fileRef = ACF121131CCFF469000ED06F /* CurrencyFormatter.swift */; };
/* End PBXBuildFile section */

/* Begin PBXCopyFilesBuildPhase section */
		ACF1210F1CCFE889000ED06F /* Embed Frameworks */ = {
			isa = PBXCopyFilesBuildPhase;
			buildActionMask = 2147483647;
			dstPath = "";
			dstSubfolderSpec = 10;
			files = (
				ACF1210E1CCFE889000ED06F /* Eureka.framework in Embed Frameworks */,
				ACA0FA081CD027B900DE066E /* Parse.framework in Embed Frameworks */,
				ACA0FA061CD027B500DE066E /* Bolts.framework in Embed Frameworks */,
			);
			name = "Embed Frameworks";
			runOnlyForDeploymentPostprocessing = 0;
		};
/* End PBXCopyFilesBuildPhase section */

/* Begin PBXFileReference section */
		AC4A7F721CD0849A009A13C0 /* LoginViewController.swift */ = {isa = PBXFileReference; fileEncoding = 4; lastKnownFileType = sourcecode.swift; path = LoginViewController.swift; sourceTree = "<group>"; };
		AC4A7F831CD13949009A13C0 /* FBSDKLoginKit.framework */ = {isa = PBXFileReference; lastKnownFileType = wrapper.framework; path = FBSDKLoginKit.framework; sourceTree = "<group>"; };
		AC4A7F841CD13949009A13C0 /* FBSDKCoreKit.framework */ = {isa = PBXFileReference; lastKnownFileType = wrapper.framework; path = FBSDKCoreKit.framework; sourceTree = "<group>"; };
		AC4A7F8B1CD142DC009A13C0 /* GoogleSignIn.bundle */ = {isa = PBXFileReference; lastKnownFileType = "wrapper.plug-in"; path = GoogleSignIn.bundle; sourceTree = "<group>"; };
		AC4A7F8D1CD1437A009A13C0 /* GoogleSignIn.framework */ = {isa = PBXFileReference; lastKnownFileType = wrapper.framework; path = GoogleSignIn.framework; sourceTree = "<group>"; };
		AC4A7F8F1CD14534009A13C0 /* GoogleService-Info.plist */ = {isa = PBXFileReference; fileEncoding = 4; lastKnownFileType = text.plist.xml; name = "GoogleService-Info.plist"; path = "../GoogleService-Info.plist"; sourceTree = "<group>"; };
		AC4A7F911CD161AE009A13C0 /* ForRent-Bridging-Header.h */ = {isa = PBXFileReference; lastKnownFileType = sourcecode.c.h; path = "ForRent-Bridging-Header.h"; sourceTree = "<group>"; };
		AC89B3C21CC59CD900965227 /* ForRent.app */ = {isa = PBXFileReference; explicitFileType = wrapper.application; includeInIndex = 0; path = ForRent.app; sourceTree = BUILT_PRODUCTS_DIR; };
		AC89B3C51CC59CD900965227 /* AppDelegate.swift */ = {isa = PBXFileReference; lastKnownFileType = sourcecode.swift; path = AppDelegate.swift; sourceTree = "<group>"; };
		AC89B3CA1CC59CD900965227 /* Base */ = {isa = PBXFileReference; lastKnownFileType = file.storyboard; name = Base; path = Base.lproj/Main.storyboard; sourceTree = "<group>"; };
		AC89B3CC1CC59CD900965227 /* Assets.xcassets */ = {isa = PBXFileReference; lastKnownFileType = folder.assetcatalog; path = Assets.xcassets; sourceTree = "<group>"; };
		AC89B3CF1CC59CD900965227 /* Base */ = {isa = PBXFileReference; lastKnownFileType = file.storyboard; name = Base; path = Base.lproj/LaunchScreen.storyboard; sourceTree = "<group>"; };
		AC89B3D11CC59CD900965227 /* Info.plist */ = {isa = PBXFileReference; lastKnownFileType = text.plist.xml; path = Info.plist; sourceTree = "<group>"; };
		ACA0FA011CD027AA00DE066E /* Bolts.framework */ = {isa = PBXFileReference; lastKnownFileType = wrapper.framework; name = Bolts.framework; path = Carthage/Build/iOS/Bolts.framework; sourceTree = "<group>"; };
		ACA0FA021CD027AA00DE066E /* Parse.framework */ = {isa = PBXFileReference; lastKnownFileType = wrapper.framework; name = Parse.framework; path = Carthage/Build/iOS/Parse.framework; sourceTree = "<group>"; };
		ACA4FA941CD174FE0066396E /* AddressBook.framework */ = {isa = PBXFileReference; lastKnownFileType = wrapper.framework; name = AddressBook.framework; path = System/Library/Frameworks/AddressBook.framework; sourceTree = SDKROOT; };
		ACA4FA961CD175050066396E /* SafariServices.framework */ = {isa = PBXFileReference; lastKnownFileType = wrapper.framework; name = SafariServices.framework; path = System/Library/Frameworks/SafariServices.framework; sourceTree = SDKROOT; };
		ACA4FA981CD1750B0066396E /* SystemConfiguration.framework */ = {isa = PBXFileReference; lastKnownFileType = wrapper.framework; name = SystemConfiguration.framework; path = System/Library/Frameworks/SystemConfiguration.framework; sourceTree = SDKROOT; };
		ACA4FA9A1CD17A400066396E /* libz.tbd */ = {isa = PBXFileReference; lastKnownFileType = "sourcecode.text-based-dylib-definition"; name = libz.tbd; path = usr/lib/libz.tbd; sourceTree = SDKROOT; };
		ACA4FA9C1CD18EB00066396E /* ParseUI.framework */ = {isa = PBXFileReference; lastKnownFileType = wrapper.framework; path = ParseUI.framework; sourceTree = "<group>"; };
		ACF1210A1CCFE647000ED06F /* Eureka.framework */ = {isa = PBXFileReference; lastKnownFileType = wrapper.framework; name = Eureka.framework; path = Carthage/Build/iOS/Eureka.framework; sourceTree = "<group>"; };
		ACF121101CCFE8ED000ED06F /* PostFormViewController.swift */ = {isa = PBXFileReference; fileEncoding = 4; lastKnownFileType = sourcecode.swift; path = PostFormViewController.swift; sourceTree = "<group>"; };
		ACF121131CCFF469000ED06F /* CurrencyFormatter.swift */ = {isa = PBXFileReference; fileEncoding = 4; lastKnownFileType = sourcecode.swift; path = CurrencyFormatter.swift; sourceTree = "<group>"; };
/* End PBXFileReference section */

/* Begin PBXFrameworksBuildPhase section */
		AC89B3BF1CC59CD900965227 /* Frameworks */ = {
			isa = PBXFrameworksBuildPhase;
			buildActionMask = 2147483647;
			files = (
				ACA4FA9D1CD18EB00066396E /* ParseUI.framework in Frameworks */,
				ACA4FA9B1CD17A400066396E /* libz.tbd in Frameworks */,
				ACA4FA991CD1750B0066396E /* SystemConfiguration.framework in Frameworks */,
				ACA4FA971CD175050066396E /* SafariServices.framework in Frameworks */,
				ACA4FA951CD174FE0066396E /* AddressBook.framework in Frameworks */,
				ACA4FA911CD172B80066396E /* GoogleSignIn.framework in Frameworks */,
				AC4A7F891CD14008009A13C0 /* FBSDKLoginKit.framework in Frameworks */,
				AC4A7F8A1CD14008009A13C0 /* FBSDKCoreKit.framework in Frameworks */,
				ACF1210D1CCFE889000ED06F /* Eureka.framework in Frameworks */,
				ACA0FA031CD027AA00DE066E /* Bolts.framework in Frameworks */,
				ACA0FA041CD027AA00DE066E /* Parse.framework in Frameworks */,
			);
			runOnlyForDeploymentPostprocessing = 0;
		};
/* End PBXFrameworksBuildPhase section */

/* Begin PBXGroup section */
		AC89B3B91CC59CD900965227 = {
			isa = PBXGroup;
			children = (
				ACA4FA9A1CD17A400066396E /* libz.tbd */,
				ACA4FA9C1CD18EB00066396E /* ParseUI.framework */,
				ACA4FA981CD1750B0066396E /* SystemConfiguration.framework */,
				ACA4FA961CD175050066396E /* SafariServices.framework */,
				ACA4FA941CD174FE0066396E /* AddressBook.framework */,
				AC4A7F8D1CD1437A009A13C0 /* GoogleSignIn.framework */,
				AC4A7F8B1CD142DC009A13C0 /* GoogleSignIn.bundle */,
				AC4A7F831CD13949009A13C0 /* FBSDKLoginKit.framework */,
				AC4A7F841CD13949009A13C0 /* FBSDKCoreKit.framework */,
				ACA0FA011CD027AA00DE066E /* Bolts.framework */,
				ACA0FA021CD027AA00DE066E /* Parse.framework */,
				ACF1210A1CCFE647000ED06F /* Eureka.framework */,
				AC89B3C41CC59CD900965227 /* ForRent */,
				AC89B3C31CC59CD900965227 /* Products */,
				AC4A7F911CD161AE009A13C0 /* ForRent-Bridging-Header.h */,
			);
			sourceTree = "<group>";
		};
		AC89B3C31CC59CD900965227 /* Products */ = {
			isa = PBXGroup;
			children = (
				AC89B3C21CC59CD900965227 /* ForRent.app */,
			);
			name = Products;
			sourceTree = "<group>";
		};
		AC89B3C41CC59CD900965227 /* ForRent */ = {
			isa = PBXGroup;
			children = (
				AC89B3C51CC59CD900965227 /* AppDelegate.swift */,
				ACF121101CCFE8ED000ED06F /* PostFormViewController.swift */,
				AC4A7F721CD0849A009A13C0 /* LoginViewController.swift */,
				ACF121131CCFF469000ED06F /* CurrencyFormatter.swift */,
				AC89B3C91CC59CD900965227 /* Main.storyboard */,
				AC89B3CC1CC59CD900965227 /* Assets.xcassets */,
				AC89B3CE1CC59CD900965227 /* LaunchScreen.storyboard */,
				AC4A7F8F1CD14534009A13C0 /* GoogleService-Info.plist */,
				AC89B3D11CC59CD900965227 /* Info.plist */,
			);
			path = ForRent;
			sourceTree = "<group>";
		};
/* End PBXGroup section */

/* Begin PBXNativeTarget section */
		AC89B3C11CC59CD900965227 /* ForRent */ = {
			isa = PBXNativeTarget;
			buildConfigurationList = AC89B3D41CC59CD900965227 /* Build configuration list for PBXNativeTarget "ForRent" */;
			buildPhases = (
				AC89B3BE1CC59CD900965227 /* Sources */,
				AC89B3BF1CC59CD900965227 /* Frameworks */,
				AC89B3C01CC59CD900965227 /* Resources */,
				ACF1210F1CCFE889000ED06F /* Embed Frameworks */,
			);
			buildRules = (
			);
			dependencies = (
			);
			name = ForRent;
			productName = ForRent;
			productReference = AC89B3C21CC59CD900965227 /* ForRent.app */;
			productType = "com.apple.product-type.application";
		};
/* End PBXNativeTarget section */

/* Begin PBXProject section */
		AC89B3BA1CC59CD900965227 /* Project object */ = {
			isa = PBXProject;
			attributes = {
				LastSwiftUpdateCheck = 0730;
				LastUpgradeCheck = 0730;
				ORGANIZATIONNAME = sjsu;
				TargetAttributes = {
					AC89B3C11CC59CD900965227 = {
						CreatedOnToolsVersion = 7.3;
						DevelopmentTeam = 7A4PH7F224;
					};
				};
			};
			buildConfigurationList = AC89B3BD1CC59CD900965227 /* Build configuration list for PBXProject "ForRent" */;
			compatibilityVersion = "Xcode 3.2";
			developmentRegion = English;
			hasScannedForEncodings = 0;
			knownRegions = (
				en,
				Base,
			);
			mainGroup = AC89B3B91CC59CD900965227;
			productRefGroup = AC89B3C31CC59CD900965227 /* Products */;
			projectDirPath = "";
			projectRoot = "";
			targets = (
				AC89B3C11CC59CD900965227 /* ForRent */,
			);
		};
/* End PBXProject section */

/* Begin PBXResourcesBuildPhase section */
		AC89B3C01CC59CD900965227 /* Resources */ = {
			isa = PBXResourcesBuildPhase;
			buildActionMask = 2147483647;
			files = (
				AC4A7F8C1CD142DC009A13C0 /* GoogleSignIn.bundle in Resources */,
				AC89B3D01CC59CD900965227 /* LaunchScreen.storyboard in Resources */,
				AC4A7F901CD14534009A13C0 /* GoogleService-Info.plist in Resources */,
				AC89B3CD1CC59CD900965227 /* Assets.xcassets in Resources */,
				AC89B3CB1CC59CD900965227 /* Main.storyboard in Resources */,
			);
			runOnlyForDeploymentPostprocessing = 0;
		};
/* End PBXResourcesBuildPhase section */

/* Begin PBXSourcesBuildPhase section */
		AC89B3BE1CC59CD900965227 /* Sources */ = {
			isa = PBXSourcesBuildPhase;
			buildActionMask = 2147483647;
			files = (
				AC4A7F731CD0849A009A13C0 /* LoginViewController.swift in Sources */,
				ACF121111CCFE8ED000ED06F /* PostFormViewController.swift in Sources */,
				ACF121141CCFF469000ED06F /* CurrencyFormatter.swift in Sources */,
				AC89B3C61CC59CD900965227 /* AppDelegate.swift in Sources */,
			);
			runOnlyForDeploymentPostprocessing = 0;
		};
/* End PBXSourcesBuildPhase section */

/* Begin PBXVariantGroup section */
		AC89B3C91CC59CD900965227 /* Main.storyboard */ = {
			isa = PBXVariantGroup;
			children = (
				AC89B3CA1CC59CD900965227 /* Base */,
			);
			name = Main.storyboard;
			sourceTree = "<group>";
		};
		AC89B3CE1CC59CD900965227 /* LaunchScreen.storyboard */ = {
			isa = PBXVariantGroup;
			children = (
				AC89B3CF1CC59CD900965227 /* Base */,
			);
			name = LaunchScreen.storyboard;
			sourceTree = "<group>";
		};
/* End PBXVariantGroup section */

/* Begin XCBuildConfiguration section */
		AC89B3D21CC59CD900965227 /* Debug */ = {
			isa = XCBuildConfiguration;
			buildSettings = {
				ALWAYS_SEARCH_USER_PATHS = NO;
				CLANG_ANALYZER_NONNULL = YES;
				CLANG_CXX_LANGUAGE_STANDARD = "gnu++0x";
				CLANG_CXX_LIBRARY = "libc++";
				CLANG_ENABLE_MODULES = YES;
				CLANG_ENABLE_OBJC_ARC = YES;
				CLANG_WARN_BOOL_CONVERSION = YES;
				CLANG_WARN_CONSTANT_CONVERSION = YES;
				CLANG_WARN_DIRECT_OBJC_ISA_USAGE = YES_ERROR;
				CLANG_WARN_EMPTY_BODY = YES;
				CLANG_WARN_ENUM_CONVERSION = YES;
				CLANG_WARN_INT_CONVERSION = YES;
				CLANG_WARN_OBJC_ROOT_CLASS = YES_ERROR;
				CLANG_WARN_UNREACHABLE_CODE = YES;
				CLANG_WARN__DUPLICATE_METHOD_MATCH = YES;
				"CODE_SIGN_IDENTITY[sdk=iphoneos*]" = "iPhone Developer";
				COPY_PHASE_STRIP = NO;
				DEBUG_INFORMATION_FORMAT = dwarf;
				ENABLE_STRICT_OBJC_MSGSEND = YES;
				ENABLE_TESTABILITY = YES;
				GCC_C_LANGUAGE_STANDARD = gnu99;
				GCC_DYNAMIC_NO_PIC = NO;
				GCC_NO_COMMON_BLOCKS = YES;
				GCC_OPTIMIZATION_LEVEL = 0;
				GCC_PREPROCESSOR_DEFINITIONS = (
					"DEBUG=1",
					"$(inherited)",
				);
				GCC_WARN_64_TO_32_BIT_CONVERSION = YES;
				GCC_WARN_ABOUT_RETURN_TYPE = YES_ERROR;
				GCC_WARN_UNDECLARED_SELECTOR = YES;
				GCC_WARN_UNINITIALIZED_AUTOS = YES_AGGRESSIVE;
				GCC_WARN_UNUSED_FUNCTION = YES;
				GCC_WARN_UNUSED_VARIABLE = YES;
				IPHONEOS_DEPLOYMENT_TARGET = 9.3;
				MTL_ENABLE_DEBUG_INFO = YES;
				ONLY_ACTIVE_ARCH = YES;
				"OTHER_LDFLAGS[arch=*]" = "";
				SDKROOT = iphoneos;
				SWIFT_OPTIMIZATION_LEVEL = "-Onone";
			};
			name = Debug;
		};
		AC89B3D31CC59CD900965227 /* Release */ = {
			isa = XCBuildConfiguration;
			buildSettings = {
				ALWAYS_SEARCH_USER_PATHS = NO;
				CLANG_ANALYZER_NONNULL = YES;
				CLANG_CXX_LANGUAGE_STANDARD = "gnu++0x";
				CLANG_CXX_LIBRARY = "libc++";
				CLANG_ENABLE_MODULES = YES;
				CLANG_ENABLE_OBJC_ARC = YES;
				CLANG_WARN_BOOL_CONVERSION = YES;
				CLANG_WARN_CONSTANT_CONVERSION = YES;
				CLANG_WARN_DIRECT_OBJC_ISA_USAGE = YES_ERROR;
				CLANG_WARN_EMPTY_BODY = YES;
				CLANG_WARN_ENUM_CONVERSION = YES;
				CLANG_WARN_INT_CONVERSION = YES;
				CLANG_WARN_OBJC_ROOT_CLASS = YES_ERROR;
				CLANG_WARN_UNREACHABLE_CODE = YES;
				CLANG_WARN__DUPLICATE_METHOD_MATCH = YES;
				"CODE_SIGN_IDENTITY[sdk=iphoneos*]" = "iPhone Developer";
				COPY_PHASE_STRIP = NO;
				DEBUG_INFORMATION_FORMAT = "dwarf-with-dsym";
				ENABLE_NS_ASSERTIONS = NO;
				ENABLE_STRICT_OBJC_MSGSEND = YES;
				GCC_C_LANGUAGE_STANDARD = gnu99;
				GCC_NO_COMMON_BLOCKS = YES;
				GCC_WARN_64_TO_32_BIT_CONVERSION = YES;
				GCC_WARN_ABOUT_RETURN_TYPE = YES_ERROR;
				GCC_WARN_UNDECLARED_SELECTOR = YES;
				GCC_WARN_UNINITIALIZED_AUTOS = YES_AGGRESSIVE;
				GCC_WARN_UNUSED_FUNCTION = YES;
				GCC_WARN_UNUSED_VARIABLE = YES;
				IPHONEOS_DEPLOYMENT_TARGET = 9.3;
				MTL_ENABLE_DEBUG_INFO = NO;
				SDKROOT = iphoneos;
				VALIDATE_PRODUCT = YES;
			};
			name = Release;
		};
		AC89B3D51CC59CD900965227 /* Debug */ = {
			isa = XCBuildConfiguration;
			buildSettings = {
				ASSETCATALOG_COMPILER_APPICON_NAME = AppIcon;
				CLANG_ENABLE_MODULES = YES;
				CODE_SIGN_IDENTITY = "iPhone Developer";
				FRAMEWORK_SEARCH_PATHS = (
					"$(inherited)",
					"$(PROJECT_DIR)/Carthage/Build/iOS",
					"$(PROJECT_DIR)",
				);
				INFOPLIST_FILE = ForRent/Info.plist;
				LD_RUNPATH_SEARCH_PATHS = "$(inherited) @executable_path/Frameworks";
				"OTHER_LDFLAGS[arch=*]" = "-ObjC";
				PRODUCT_BUNDLE_IDENTIFIER = edu.sjsu.cmpe277.SuperRent;
				PRODUCT_NAME = "$(TARGET_NAME)";
				SWIFT_OBJC_BRIDGING_HEADER = "ForRent-Bridging-Header.h";
				SWIFT_OPTIMIZATION_LEVEL = "-Onone";
			};
			name = Debug;
		};
		AC89B3D61CC59CD900965227 /* Release */ = {
			isa = XCBuildConfiguration;
			buildSettings = {
				ASSETCATALOG_COMPILER_APPICON_NAME = AppIcon;
				CLANG_ENABLE_MODULES = YES;
				CODE_SIGN_IDENTITY = "iPhone Developer";
				FRAMEWORK_SEARCH_PATHS = (
					"$(inherited)",
					"$(PROJECT_DIR)/Carthage/Build/iOS",
					"$(PROJECT_DIR)",
				);
				INFOPLIST_FILE = ForRent/Info.plist;
				LD_RUNPATH_SEARCH_PATHS = "$(inherited) @executable_path/Frameworks";
				PRODUCT_BUNDLE_IDENTIFIER = edu.sjsu.cmpe277.SuperRent;
				PRODUCT_NAME = "$(TARGET_NAME)";
				SWIFT_OBJC_BRIDGING_HEADER = "ForRent-Bridging-Header.h";
			};
			name = Release;
		};
/* End XCBuildConfiguration section */

/* Begin XCConfigurationList section */
		AC89B3BD1CC59CD900965227 /* Build configuration list for PBXProject "ForRent" */ = {
			isa = XCConfigurationList;
			buildConfigurations = (
				AC89B3D21CC59CD900965227 /* Debug */,
				AC89B3D31CC59CD900965227 /* Release */,
			);
			defaultConfigurationIsVisible = 0;
			defaultConfigurationName = Release;
		};
		AC89B3D41CC59CD900965227 /* Build configuration list for PBXNativeTarget "ForRent" */ = {
			isa = XCConfigurationList;
			buildConfigurations = (
				AC89B3D51CC59CD900965227 /* Debug */,
				AC89B3D61CC59CD900965227 /* Release */,
			);
			defaultConfigurationIsVisible = 0;
			defaultConfigurationName = Release;
		};
/* End XCConfigurationList section */
	};
	rootObject = AC89B3BA1CC59CD900965227 /* Project object */;
}
